
Microsoft Visual Studio Solution File, Format Version 12.00
# Visual Studio Version 17
VisualStudioVersion = 17.8.34330.188
MinimumVisualStudioVersion = 10.0.40219.1
Project("{FAE04EC0-301F-11D3-BF4B-00C04F79EFBC}") = "EmployeeService", "EmployeeService\EmployeeService.csproj", "{CE27BD75-2889-4DE6-8882-AEA20ECA56A7}"
EndProject
Global
	GlobalSection(SolutionConfigurationPlatforms) = preSolution
		Debug|Any CPU = Debug|Any CPU
		Release|Any CPU = Release|Any CPU
	EndGlobalSection
	GlobalSection(ProjectConfigurationPlatforms) = postSolution
		{CE27BD75-2889-4DE6-8882-AEA20ECA56A7}.Debug|Any CPU.ActiveCfg = Debug|Any CPU
		{CE27BD75-2889-4DE6-8882-AEA20ECA56A7}.Debug|Any CPU.Build.0 = Debug|Any CPU
		{CE27BD75-2889-4DE6-8882-AEA20ECA56A7}.Release|Any CPU.ActiveCfg = Release|Any CPU
		{CE27BD75-2889-4DE6-8882-AEA20ECA56A7}.Release|Any CPU.Build.0 = Release|Any CPU
	EndGlobalSection
	GlobalSection(SolutionProperties) = preSolution
		HideSolutionNode = FALSE
	EndGlobalSection
	GlobalSection(ExtensibilityGlobals) = postSolution
		SolutionGuid = {6686B66E-D6A5-45F1-A4DC-19ECADA04C80}
	EndGlobalSection
EndGlobal
